
Microsoft Visual Studio Solution File, Format Version 12.00
# Visual Studio Version 17
VisualStudioVersion = 17.8.34525.116
MinimumVisualStudioVersion = 10.0.40219.1
Project("{FAE04EC0-301F-11D3-BF4B-00C04F79EFBC}") = "Palindrom_ellenorzo", "Palindrom_ellenorzo\Palindrom_ellenorzo.csproj", "{82D002BC-5480-45CF-A23B-E7A8400C1E37}"
EndProject
Global
	GlobalSection(SolutionConfigurationPlatforms) = preSolution
		Debug|Any CPU = Debug|Any CPU
		Release|Any CPU = Release|Any CPU
	EndGlobalSection
	GlobalSection(ProjectConfigurationPlatforms) = postSolution
		{82D002BC-5480-45CF-A23B-E7A8400C1E37}.Debug|Any CPU.ActiveCfg = Debug|Any CPU
		{82D002BC-5480-45CF-A23B-E7A8400C1E37}.Debug|Any CPU.Build.0 = Debug|Any CPU
		{82D002BC-5480-45CF-A23B-E7A8400C1E37}.Release|Any CPU.ActiveCfg = Release|Any CPU
		{82D002BC-5480-45CF-A23B-E7A8400C1E37}.Release|Any CPU.Build.0 = Release|Any CPU
	EndGlobalSection
	GlobalSection(SolutionProperties) = preSolution
		HideSolutionNode = FALSE
	EndGlobalSection
	GlobalSection(ExtensibilityGlobals) = postSolution
		SolutionGuid = {5072EC50-C67E-462B-9498-1647E60F8788}
	EndGlobalSection
EndGlobal
